
Microsoft Visual Studio Solution File, Format Version 12.00
# Visual Studio Version 16
VisualStudioVersion = 16.0.29709.97
MinimumVisualStudioVersion = 10.0.40219.1
Project("{FAE04EC0-301F-11D3-BF4B-00C04F79EFBC}") = "SongBPMFinder", "SongBPMFinder\SongBPMFinder.csproj", "{766A960C-C1BE-4DBF-BCBA-42189765EFD2}"
EndProject
Global
	GlobalSection(SolutionConfigurationPlatforms) = preSolution
		Debug|Any CPU = Debug|Any CPU
		Release|Any CPU = Release|Any CPU
	EndGlobalSection
	GlobalSection(ProjectConfigurationPlatforms) = postSolution
		{766A960C-C1BE-4DBF-BCBA-42189765EFD2}.Debug|Any CPU.ActiveCfg = Debug|Any CPU
		{766A960C-C1BE-4DBF-BCBA-42189765EFD2}.Debug|Any CPU.Build.0 = Debug|Any CPU
		{766A960C-C1BE-4DBF-BCBA-42189765EFD2}.Release|Any CPU.ActiveCfg = Release|Any CPU
		{766A960C-C1BE-4DBF-BCBA-42189765EFD2}.Release|Any CPU.Build.0 = Release|Any CPU
	EndGlobalSection
	GlobalSection(SolutionProperties) = preSolution
		HideSolutionNode = FALSE
	EndGlobalSection
	GlobalSection(ExtensibilityGlobals) = postSolution
		SolutionGuid = {1E60C596-C567-4AB3-B235-E8AC72D3AFB4}
	EndGlobalSection
EndGlobal
